
Microsoft Visual Studio Solution File, Format Version 12.00
# Visual Studio Version 17
VisualStudioVersion = 17.7.34221.43
MinimumVisualStudioVersion = 10.0.40219.1
Project("{FAE04EC0-301F-11D3-BF4B-00C04F79EFBC}") = "Builder.Pattern.Testing.App", "Builder.Pattern.Testing.App\Builder.Pattern.Testing.App.csproj", "{2ABD8B25-0374-4F64-8383-9DE28E10AA1E}"
EndProject
Project("{FAE04EC0-301F-11D3-BF4B-00C04F79EFBC}") = "Builder.Pattern.Testing.App.Test", "Builder.Pattern.Testing.App.Test\Builder.Pattern.Testing.App.Test.csproj", "{326D7B66-86ED-4210-A8BB-C99948945E15}"
EndProject
Global
	GlobalSection(SolutionConfigurationPlatforms) = preSolution
		Debug|Any CPU = Debug|Any CPU
		Release|Any CPU = Release|Any CPU
	EndGlobalSection
	GlobalSection(ProjectConfigurationPlatforms) = postSolution
		{2ABD8B25-0374-4F64-8383-9DE28E10AA1E}.Debug|Any CPU.ActiveCfg = Debug|Any CPU
		{2ABD8B25-0374-4F64-8383-9DE28E10AA1E}.Debug|Any CPU.Build.0 = Debug|Any CPU
		{2ABD8B25-0374-4F64-8383-9DE28E10AA1E}.Release|Any CPU.ActiveCfg = Release|Any CPU
		{2ABD8B25-0374-4F64-8383-9DE28E10AA1E}.Release|Any CPU.Build.0 = Release|Any CPU
		{326D7B66-86ED-4210-A8BB-C99948945E15}.Debug|Any CPU.ActiveCfg = Debug|Any CPU
		{326D7B66-86ED-4210-A8BB-C99948945E15}.Debug|Any CPU.Build.0 = Debug|Any CPU
		{326D7B66-86ED-4210-A8BB-C99948945E15}.Release|Any CPU.ActiveCfg = Release|Any CPU
		{326D7B66-86ED-4210-A8BB-C99948945E15}.Release|Any CPU.Build.0 = Release|Any CPU
	EndGlobalSection
	GlobalSection(SolutionProperties) = preSolution
		HideSolutionNode = FALSE
	EndGlobalSection
	GlobalSection(ExtensibilityGlobals) = postSolution
		SolutionGuid = {18146270-7562-4E80-8473-70957109B3AC}
	EndGlobalSection
EndGlobal
